{
  "name": "tagcord",
  "version": "1.0.0",
  "lockfileVersion": 3,
  "requires": true,
  "packages": {
    "": {
      "name": "tagcord",
      "version": "1.0.0",
      "license": "MIT",
      "dependencies": {
        "tagcord": "github:tagcorddev/tagcord"
      }
    },
    "node_modules/tagcord": {
      "version": "1.0.0",
      "resolved": "git+ssh://git@github.com/tagcorddev/tagcord.git#8e34bd356cc4802c03ad692ab75a0948a5245896",
      "license": "MIT"
    }
  }
}
